
Microsoft Visual Studio Solution File, Format Version 12.00
# Visual Studio Version 17
VisualStudioVersion = 17.14.36202.13 d17.14
MinimumVisualStudioVersion = 10.0.40219.1
Project("{FAE04EC0-301F-11D3-BF4B-00C04F79EFBC}") = "dbDesign", "dbDesign\dbDesign.csproj", "{61753313-0131-439E-A3F1-142FEF90E156}"
EndProject
Global
	GlobalSection(SolutionConfigurationPlatforms) = preSolution
		Debug|Any CPU = Debug|Any CPU
		Release|Any CPU = Release|Any CPU
	EndGlobalSection
	GlobalSection(ProjectConfigurationPlatforms) = postSolution
		{61753313-0131-439E-A3F1-142FEF90E156}.Debug|Any CPU.ActiveCfg = Debug|Any CPU
		{61753313-0131-439E-A3F1-142FEF90E156}.Debug|Any CPU.Build.0 = Debug|Any CPU
		{61753313-0131-439E-A3F1-142FEF90E156}.Release|Any CPU.ActiveCfg = Release|Any CPU
		{61753313-0131-439E-A3F1-142FEF90E156}.Release|Any CPU.Build.0 = Release|Any CPU
	EndGlobalSection
	GlobalSection(SolutionProperties) = preSolution
		HideSolutionNode = FALSE
	EndGlobalSection
	GlobalSection(ExtensibilityGlobals) = postSolution
		SolutionGuid = {A41F3C85-37C2-4072-8A16-522F0F1DA9DF}
	EndGlobalSection
EndGlobal
